
Microsoft Visual Studio Solution File, Format Version 12.00
# Visual Studio Version 17
VisualStudioVersion = 17.5.002.0
MinimumVisualStudioVersion = 10.0.40219.1
Project("{9A19103F-16F7-4668-BE54-9A1E7A4F7556}") = "MyWeb", "MyWeb\MyWeb.csproj", "{A518140E-3BE6-4554-8CE8-C2ED1EBE614B}"
EndProject
Project("{9A19103F-16F7-4668-BE54-9A1E7A4F7556}") = "MyViewer", "MyViewer\MyViewer.csproj", "{B5C74BE3-BB6D-44EE-9297-DEE4AFB953E7}"
EndProject
Global
	GlobalSection(SolutionConfigurationPlatforms) = preSolution
		Debug|Any CPU = Debug|Any CPU
		Release|Any CPU = Release|Any CPU
	EndGlobalSection
	GlobalSection(ProjectConfigurationPlatforms) = postSolution
		{A518140E-3BE6-4554-8CE8-C2ED1EBE614B}.Debug|Any CPU.ActiveCfg = Debug|Any CPU
		{A518140E-3BE6-4554-8CE8-C2ED1EBE614B}.Debug|Any CPU.Build.0 = Debug|Any CPU
		{A518140E-3BE6-4554-8CE8-C2ED1EBE614B}.Release|Any CPU.ActiveCfg = Release|Any CPU
		{A518140E-3BE6-4554-8CE8-C2ED1EBE614B}.Release|Any CPU.Build.0 = Release|Any CPU
		{B5C74BE3-BB6D-44EE-9297-DEE4AFB953E7}.Debug|Any CPU.ActiveCfg = Debug|Any CPU
		{B5C74BE3-BB6D-44EE-9297-DEE4AFB953E7}.Debug|Any CPU.Build.0 = Debug|Any CPU
		{B5C74BE3-BB6D-44EE-9297-DEE4AFB953E7}.Release|Any CPU.ActiveCfg = Release|Any CPU
		{B5C74BE3-BB6D-44EE-9297-DEE4AFB953E7}.Release|Any CPU.Build.0 = Release|Any CPU
	EndGlobalSection
	GlobalSection(SolutionProperties) = preSolution
		HideSolutionNode = FALSE
	EndGlobalSection
	GlobalSection(ExtensibilityGlobals) = postSolution
		SolutionGuid = {6DD60EC8-19D8-4E9B-940D-F1792FEEDA9D}
	EndGlobalSection
EndGlobal
